
Microsoft Visual Studio Solution File, Format Version 12.00
# Visual Studio Version 16
VisualStudioVersion = 16.0.31515.178
MinimumVisualStudioVersion = 10.0.40219.1
Project("{FAE04EC0-301F-11D3-BF4B-00C04F79EFBC}") = "HackingOnline", "HackingOnline\HackingOnline.csproj", "{14245258-89C4-4536-B290-6EE5A1010213}"
EndProject
Global
	GlobalSection(SolutionConfigurationPlatforms) = preSolution
		Debug|Any CPU = Debug|Any CPU
		Release|Any CPU = Release|Any CPU
	EndGlobalSection
	GlobalSection(ProjectConfigurationPlatforms) = postSolution
		{14245258-89C4-4536-B290-6EE5A1010213}.Debug|Any CPU.ActiveCfg = Debug|Any CPU
		{14245258-89C4-4536-B290-6EE5A1010213}.Debug|Any CPU.Build.0 = Debug|Any CPU
		{14245258-89C4-4536-B290-6EE5A1010213}.Release|Any CPU.ActiveCfg = Release|Any CPU
		{14245258-89C4-4536-B290-6EE5A1010213}.Release|Any CPU.Build.0 = Release|Any CPU
	EndGlobalSection
	GlobalSection(SolutionProperties) = preSolution
		HideSolutionNode = FALSE
	EndGlobalSection
	GlobalSection(ExtensibilityGlobals) = postSolution
		SolutionGuid = {D0AAA80A-3C09-432B-A51F-7E4D6EB2B2C8}
	EndGlobalSection
EndGlobal
