
Microsoft Visual Studio Solution File, Format Version 12.00
# Visual Studio Version 16
VisualStudioVersion = 16.0.31515.178
MinimumVisualStudioVersion = 10.0.40219.1
Project("{FAE04EC0-301F-11D3-BF4B-00C04F79EFBC}") = "NhatKyGiangDay", "NhatKyGiangDay.csproj", "{B7723F04-DDCB-4961-AA6E-067015CFFEEC}"
EndProject
Global
	GlobalSection(SolutionConfigurationPlatforms) = preSolution
		Debug|Any CPU = Debug|Any CPU
		Release|Any CPU = Release|Any CPU
	EndGlobalSection
	GlobalSection(ProjectConfigurationPlatforms) = postSolution
		{B7723F04-DDCB-4961-AA6E-067015CFFEEC}.Debug|Any CPU.ActiveCfg = Debug|Any CPU
		{B7723F04-DDCB-4961-AA6E-067015CFFEEC}.Debug|Any CPU.Build.0 = Debug|Any CPU
		{B7723F04-DDCB-4961-AA6E-067015CFFEEC}.Release|Any CPU.ActiveCfg = Release|Any CPU
		{B7723F04-DDCB-4961-AA6E-067015CFFEEC}.Release|Any CPU.Build.0 = Release|Any CPU
	EndGlobalSection
	GlobalSection(SolutionProperties) = preSolution
		HideSolutionNode = FALSE
	EndGlobalSection
	GlobalSection(ExtensibilityGlobals) = postSolution
		SolutionGuid = {F8299AC2-64A1-446C-A4B1-B48AC2995D44}
	EndGlobalSection
EndGlobal
